
Microsoft Visual Studio Solution File, Format Version 12.00
# Visual Studio 14
VisualStudioVersion = 14.0.25420.1
MinimumVisualStudioVersion = 10.0.40219.1
Project("{FAE04EC0-301F-11D3-BF4B-00C04F79EFBC}") = "KNVBDataserviceAndClubDataClient", "KNVBDataservice.Client\KNVBDataserviceAndClubDataClient.csproj", "{53129A66-0A97-4B5F-AFD9-BF753C121B59}"
EndProject
Project("{2150E333-8FDC-42A3-9474-1A3956D46DE8}") = "grunt", "grunt", "{BA3D8BA9-40D8-4CFA-81D9-7977A44EDC31}"
	ProjectSection(SolutionItems) = preProject
		..\gruntfile.js = ..\gruntfile.js
		..\package.json = ..\package.json
	EndProjectSection
EndProject
Global
	GlobalSection(SolutionConfigurationPlatforms) = preSolution
		Debug|Any CPU = Debug|Any CPU
		Release|Any CPU = Release|Any CPU
	EndGlobalSection
	GlobalSection(ProjectConfigurationPlatforms) = postSolution
		{53129A66-0A97-4B5F-AFD9-BF753C121B59}.Debug|Any CPU.ActiveCfg = Debug|Any CPU
		{53129A66-0A97-4B5F-AFD9-BF753C121B59}.Debug|Any CPU.Build.0 = Debug|Any CPU
		{53129A66-0A97-4B5F-AFD9-BF753C121B59}.Release|Any CPU.ActiveCfg = Release|Any CPU
		{53129A66-0A97-4B5F-AFD9-BF753C121B59}.Release|Any CPU.Build.0 = Release|Any CPU
	EndGlobalSection
	GlobalSection(SolutionProperties) = preSolution
		HideSolutionNode = FALSE
	EndGlobalSection
EndGlobal
